
Microsoft Visual Studio Solution File, Format Version 12.00
# Visual Studio Version 17
VisualStudioVersion = 17.9.34902.65
MinimumVisualStudioVersion = 10.0.40219.1
Project("{FAE04EC0-301F-11D3-BF4B-00C04F79EFBC}") = "server", "server.csproj", "{3E363571-2498-4F7C-8C6D-A81C953AF4FA}"
EndProject
Global
	GlobalSection(SolutionConfigurationPlatforms) = preSolution
		Debug|Any CPU = Debug|Any CPU
		Release|Any CPU = Release|Any CPU
	EndGlobalSection
	GlobalSection(ProjectConfigurationPlatforms) = postSolution
		{3E363571-2498-4F7C-8C6D-A81C953AF4FA}.Debug|Any CPU.ActiveCfg = Debug|Any CPU
		{3E363571-2498-4F7C-8C6D-A81C953AF4FA}.Debug|Any CPU.Build.0 = Debug|Any CPU
		{3E363571-2498-4F7C-8C6D-A81C953AF4FA}.Release|Any CPU.ActiveCfg = Release|Any CPU
		{3E363571-2498-4F7C-8C6D-A81C953AF4FA}.Release|Any CPU.Build.0 = Release|Any CPU
	EndGlobalSection
	GlobalSection(SolutionProperties) = preSolution
		HideSolutionNode = FALSE
	EndGlobalSection
	GlobalSection(ExtensibilityGlobals) = postSolution
		SolutionGuid = {6752FD72-E00B-4BAB-8E51-B33EB3696987}
	EndGlobalSection
EndGlobal
